
Microsoft Visual Studio Solution File, Format Version 12.00
Project("{FAE04EC0-301F-11D3-BF4B-00C04F79EFBC}") = "Turnit.GenericStore.Api", "Turnit.GenericStore.Api\Turnit.GenericStore.Api.csproj", "{6A3ECB2B-7F0D-45A6-B7DE-71260D96639B}"
EndProject
Project("{2150E333-8FDC-42A3-9474-1A3956D46DE8}") = "Resources", "Resources", "{0C4DDF70-A894-42BB-A82C-31B340F897E0}"
	ProjectSection(SolutionItems) = preProject
		docker-compose.yml = docker-compose.yml
		README.md = README.md
	EndProjectSection
EndProject
Global
	GlobalSection(SolutionConfigurationPlatforms) = preSolution
		Debug|Any CPU = Debug|Any CPU
		Release|Any CPU = Release|Any CPU
	EndGlobalSection
	GlobalSection(ProjectConfigurationPlatforms) = postSolution
		{6A3ECB2B-7F0D-45A6-B7DE-71260D96639B}.Debug|Any CPU.ActiveCfg = Debug|Any CPU
		{6A3ECB2B-7F0D-45A6-B7DE-71260D96639B}.Debug|Any CPU.Build.0 = Debug|Any CPU
		{6A3ECB2B-7F0D-45A6-B7DE-71260D96639B}.Release|Any CPU.ActiveCfg = Release|Any CPU
		{6A3ECB2B-7F0D-45A6-B7DE-71260D96639B}.Release|Any CPU.Build.0 = Release|Any CPU
	EndGlobalSection
EndGlobal
